
Microsoft Visual Studio Solution File, Format Version 12.00
# Visual Studio Version 17
VisualStudioVersion = 17.6.34221.33
MinimumVisualStudioVersion = 10.0.40219.1
Project("{9A19103F-16F7-4668-BE54-9A1E7A4F7556}") = "Bytz.Collections.Dispatch", "src\Bytz.Collections.Dispatch.csproj", "{409228D1-6F8C-4A84-8ACB-5A49B9F4435E}"
EndProject
Global
	GlobalSection(SolutionConfigurationPlatforms) = preSolution
		Debug|Any CPU = Debug|Any CPU
		Release|Any CPU = Release|Any CPU
	EndGlobalSection
	GlobalSection(ProjectConfigurationPlatforms) = postSolution
		{409228D1-6F8C-4A84-8ACB-5A49B9F4435E}.Debug|Any CPU.ActiveCfg = Debug|Any CPU
		{409228D1-6F8C-4A84-8ACB-5A49B9F4435E}.Debug|Any CPU.Build.0 = Debug|Any CPU
		{409228D1-6F8C-4A84-8ACB-5A49B9F4435E}.Release|Any CPU.ActiveCfg = Release|Any CPU
		{409228D1-6F8C-4A84-8ACB-5A49B9F4435E}.Release|Any CPU.Build.0 = Release|Any CPU
	EndGlobalSection
	GlobalSection(SolutionProperties) = preSolution
		HideSolutionNode = FALSE
	EndGlobalSection
	GlobalSection(ExtensibilityGlobals) = postSolution
		SolutionGuid = {D13011AC-F53A-4ABC-BA5E-9C297F44AD0E}
	EndGlobalSection
EndGlobal
